
Microsoft Visual Studio Solution File, Format Version 12.00
# Visual Studio 15
VisualStudioVersion = 15.0.26124.0
MinimumVisualStudioVersion = 15.0.26124.0
Project("{2150E333-8FDC-42A3-9474-1A3956D46DE8}") = "src", "src", "{A4FE0D29-0473-4FE8-92CF-5E5AF9FFFF87}"
EndProject
Project("{FAE04EC0-301F-11D3-BF4B-00C04F79EFBC}") = "SimpleApi", "src\SimpleApi\SimpleApi.csproj", "{BE124F27-BFDF-4D75-AFD8-1690956FCCD5}"
EndProject
Project("{2150E333-8FDC-42A3-9474-1A3956D46DE8}") = "test", "test", "{899291F7-679B-4645-A2DC-7D4A808F85AC}"
EndProject
Project("{FAE04EC0-301F-11D3-BF4B-00C04F79EFBC}") = "SimpleApi.Test", "test\SimpleApi.Test\SimpleApi.Test.csproj", "{68EA889D-C4E6-4240-95B1-50A6E21EF6DC}"
EndProject
Global
	GlobalSection(SolutionConfigurationPlatforms) = preSolution
		Debug|Any CPU = Debug|Any CPU
		Debug|x64 = Debug|x64
		Debug|x86 = Debug|x86
		Release|Any CPU = Release|Any CPU
		Release|x64 = Release|x64
		Release|x86 = Release|x86
	EndGlobalSection
	GlobalSection(SolutionProperties) = preSolution
		HideSolutionNode = FALSE
	EndGlobalSection
	GlobalSection(ProjectConfigurationPlatforms) = postSolution
		{BE124F27-BFDF-4D75-AFD8-1690956FCCD5}.Debug|Any CPU.ActiveCfg = Debug|Any CPU
		{BE124F27-BFDF-4D75-AFD8-1690956FCCD5}.Debug|Any CPU.Build.0 = Debug|Any CPU
		{BE124F27-BFDF-4D75-AFD8-1690956FCCD5}.Debug|x64.ActiveCfg = Debug|Any CPU
		{BE124F27-BFDF-4D75-AFD8-1690956FCCD5}.Debug|x64.Build.0 = Debug|Any CPU
		{BE124F27-BFDF-4D75-AFD8-1690956FCCD5}.Debug|x86.ActiveCfg = Debug|Any CPU
		{BE124F27-BFDF-4D75-AFD8-1690956FCCD5}.Debug|x86.Build.0 = Debug|Any CPU
		{BE124F27-BFDF-4D75-AFD8-1690956FCCD5}.Release|Any CPU.ActiveCfg = Release|Any CPU
		{BE124F27-BFDF-4D75-AFD8-1690956FCCD5}.Release|Any CPU.Build.0 = Release|Any CPU
		{BE124F27-BFDF-4D75-AFD8-1690956FCCD5}.Release|x64.ActiveCfg = Release|Any CPU
		{BE124F27-BFDF-4D75-AFD8-1690956FCCD5}.Release|x64.Build.0 = Release|Any CPU
		{BE124F27-BFDF-4D75-AFD8-1690956FCCD5}.Release|x86.ActiveCfg = Release|Any CPU
		{BE124F27-BFDF-4D75-AFD8-1690956FCCD5}.Release|x86.Build.0 = Release|Any CPU
		{68EA889D-C4E6-4240-95B1-50A6E21EF6DC}.Debug|Any CPU.ActiveCfg = Debug|Any CPU
		{68EA889D-C4E6-4240-95B1-50A6E21EF6DC}.Debug|Any CPU.Build.0 = Debug|Any CPU
		{68EA889D-C4E6-4240-95B1-50A6E21EF6DC}.Debug|x64.ActiveCfg = Debug|Any CPU
		{68EA889D-C4E6-4240-95B1-50A6E21EF6DC}.Debug|x64.Build.0 = Debug|Any CPU
		{68EA889D-C4E6-4240-95B1-50A6E21EF6DC}.Debug|x86.ActiveCfg = Debug|Any CPU
		{68EA889D-C4E6-4240-95B1-50A6E21EF6DC}.Debug|x86.Build.0 = Debug|Any CPU
		{68EA889D-C4E6-4240-95B1-50A6E21EF6DC}.Release|Any CPU.ActiveCfg = Release|Any CPU
		{68EA889D-C4E6-4240-95B1-50A6E21EF6DC}.Release|Any CPU.Build.0 = Release|Any CPU
		{68EA889D-C4E6-4240-95B1-50A6E21EF6DC}.Release|x64.ActiveCfg = Release|Any CPU
		{68EA889D-C4E6-4240-95B1-50A6E21EF6DC}.Release|x64.Build.0 = Release|Any CPU
		{68EA889D-C4E6-4240-95B1-50A6E21EF6DC}.Release|x86.ActiveCfg = Release|Any CPU
		{68EA889D-C4E6-4240-95B1-50A6E21EF6DC}.Release|x86.Build.0 = Release|Any CPU
	EndGlobalSection
	GlobalSection(NestedProjects) = preSolution
		{BE124F27-BFDF-4D75-AFD8-1690956FCCD5} = {A4FE0D29-0473-4FE8-92CF-5E5AF9FFFF87}
		{68EA889D-C4E6-4240-95B1-50A6E21EF6DC} = {899291F7-679B-4645-A2DC-7D4A808F85AC}
	EndGlobalSection
EndGlobal
